
Microsoft Visual Studio Solution File, Format Version 12.00
# Visual Studio Version 17
VisualStudioVersion = 17.0.31912.275
MinimumVisualStudioVersion = 10.0.40219.1
Project("{8BC9CEB8-8B4A-11D0-8D11-00A0C91BC942}") = "DOOM-Testing", "DOOM-Testing.vcxproj", "{3ACA11D0-0014-4F86-B619-2D18CB71039B}"
EndProject
Global
	GlobalSection(SolutionConfigurationPlatforms) = preSolution
		Debug|x64 = Debug|x64
		Debug|x86 = Debug|x86
		Release|x64 = Release|x64
		Release|x86 = Release|x86
	EndGlobalSection
	GlobalSection(ProjectConfigurationPlatforms) = postSolution
		{3ACA11D0-0014-4F86-B619-2D18CB71039B}.Debug|x64.ActiveCfg = Debug|x64
		{3ACA11D0-0014-4F86-B619-2D18CB71039B}.Debug|x64.Build.0 = Debug|x64
		{3ACA11D0-0014-4F86-B619-2D18CB71039B}.Debug|x86.ActiveCfg = Debug|Win32
		{3ACA11D0-0014-4F86-B619-2D18CB71039B}.Debug|x86.Build.0 = Debug|Win32
		{3ACA11D0-0014-4F86-B619-2D18CB71039B}.Release|x64.ActiveCfg = Release|x64
		{3ACA11D0-0014-4F86-B619-2D18CB71039B}.Release|x64.Build.0 = Release|x64
		{3ACA11D0-0014-4F86-B619-2D18CB71039B}.Release|x86.ActiveCfg = Release|Win32
		{3ACA11D0-0014-4F86-B619-2D18CB71039B}.Release|x86.Build.0 = Release|Win32
	EndGlobalSection
	GlobalSection(SolutionProperties) = preSolution
		HideSolutionNode = FALSE
	EndGlobalSection
	GlobalSection(ExtensibilityGlobals) = postSolution
		SolutionGuid = {3F17B645-681C-456C-9D98-81BF5B6AE15D}
	EndGlobalSection
EndGlobal
